{
  "version": "5",
  "specifiers": {
    "jsr:@supabase/functions-js@*": "2.97.0"
  },
  "jsr": {
    "@supabase/functions-js@2.97.0": {
      "integrity": "f33893e8f742d7b83a3f52750a79edd5bf6c869411d126d509fe3327f39f54c2"
    }
  },
  "redirects": {
    "https://esm.sh/@supabase/supabase-js@2": "https://esm.sh/@supabase/supabase-js@2.98.0"
  },
  "remote": {
    "https://esm.sh/@supabase/supabase-js@2.98.0": "7c91584aa8d7c3b272be04122a907e00a7028a20d0eaf5e40b2eb1eed10f06b3",
    "https://esm.sh/pdf-lib@1.17.1": "cf7c5527829cb9bbb3aa20d339c530067441c10eb98880360aea9e77c3c87ff8"
  },
  "workspace": {
    "packageJson": {
      "dependencies": [
        "npm:@eslint/js@^9.39.2",
        "npm:@ffmpeg/ffmpeg@~0.12.6",
        "npm:@ffmpeg/util@~0.12.1",
        "npm:@hcaptcha/react-hcaptcha@^2.0.2",
        "npm:@sentry/deno@^10.43.0",
        "npm:@sentry/node@^10.43.0",
        "npm:@supabase/supabase-js@^2.57.4",
        "npm:@types/react-dom@^18.3.0",
        "npm:@types/react@^18.3.5",
        "npm:@vitejs/plugin-react@^5.1.2",
        "npm:autoprefixer@^10.4.18",
        "npm:cypress@^15.9.0",
        "npm:eslint-plugin-react-hooks@^5.1.0",
        "npm:eslint-plugin-react-refresh@~0.4.26",
        "npm:eslint@^9.39.2",
        "npm:globals@^15.9.0",
        "npm:lucide-react@0.344",
        "npm:pdfkit@0.17",
        "npm:postcss@^8.4.35",
        "npm:react-dom@^18.3.1",
        "npm:react-hot-toast@^2.6.0",
        "npm:react-router-dom@^7.13.0",
        "npm:react@^18.3.1",
        "npm:resend@^6.9.3",
        "npm:tailwindcss@^3.4.1",
        "npm:typescript-eslint@^8.54.0",
        "npm:typescript@^5.5.3",
        "npm:vite@^7.3.1",
        "npm:zustand@^5.0.10"
      ]
    }
  }
}
